
Microsoft Visual Studio Solution File, Format Version 12.00
# Visual Studio 15
VisualStudioVersion = 15.0.28307.539
MinimumVisualStudioVersion = 10.0.40219.1
Project("{FAE04EC0-301F-11D3-BF4B-00C04F79EFBC}") = "EsferaProtractor", "EsferaProtractor\EsferaProtractor.csproj", "{6977B514-0FCF-45C6-AD8F-F493D11CA0D3}"
EndProject
Global
	GlobalSection(SolutionConfigurationPlatforms) = preSolution
		Debug|Any CPU = Debug|Any CPU
		Release|Any CPU = Release|Any CPU
	EndGlobalSection
	GlobalSection(ProjectConfigurationPlatforms) = postSolution
		{6977B514-0FCF-45C6-AD8F-F493D11CA0D3}.Debug|Any CPU.ActiveCfg = Debug|Any CPU
		{6977B514-0FCF-45C6-AD8F-F493D11CA0D3}.Debug|Any CPU.Build.0 = Debug|Any CPU
		{6977B514-0FCF-45C6-AD8F-F493D11CA0D3}.Release|Any CPU.ActiveCfg = Release|Any CPU
		{6977B514-0FCF-45C6-AD8F-F493D11CA0D3}.Release|Any CPU.Build.0 = Release|Any CPU
	EndGlobalSection
	GlobalSection(SolutionProperties) = preSolution
		HideSolutionNode = FALSE
	EndGlobalSection
	GlobalSection(ExtensibilityGlobals) = postSolution
		SolutionGuid = {052EF206-89D2-466D-AED4-424A61535E56}
	EndGlobalSection
EndGlobal
